
Microsoft Visual Studio Solution File, Format Version 12.00
# Visual Studio Version 17
VisualStudioVersion = 17.5.002.0
MinimumVisualStudioVersion = 10.0.40219.1
Project("{9A19103F-16F7-4668-BE54-9A1E7A4F7556}") = "TP6-ICS-G10-2024", "TP6-ICS-G10-2024.csproj", "{D563C455-1BEA-480B-9EA1-BF35FFBC2101}"
EndProject
Global
	GlobalSection(SolutionConfigurationPlatforms) = preSolution
		Debug|Any CPU = Debug|Any CPU
		Release|Any CPU = Release|Any CPU
	EndGlobalSection
	GlobalSection(ProjectConfigurationPlatforms) = postSolution
		{D563C455-1BEA-480B-9EA1-BF35FFBC2101}.Debug|Any CPU.ActiveCfg = Debug|Any CPU
		{D563C455-1BEA-480B-9EA1-BF35FFBC2101}.Debug|Any CPU.Build.0 = Debug|Any CPU
		{D563C455-1BEA-480B-9EA1-BF35FFBC2101}.Release|Any CPU.ActiveCfg = Release|Any CPU
		{D563C455-1BEA-480B-9EA1-BF35FFBC2101}.Release|Any CPU.Build.0 = Release|Any CPU
	EndGlobalSection
	GlobalSection(SolutionProperties) = preSolution
		HideSolutionNode = FALSE
	EndGlobalSection
	GlobalSection(ExtensibilityGlobals) = postSolution
		SolutionGuid = {08E7310B-3E15-4B6B-AC90-ABD073E69C8B}
	EndGlobalSection
EndGlobal
